
Microsoft Visual Studio Solution File, Format Version 12.00
# Visual Studio Version 17
VisualStudioVersion = 17.5.33530.505
MinimumVisualStudioVersion = 10.0.40219.1
Project("{FAE04EC0-301F-11D3-BF4B-00C04F79EFBC}") = "Mvc5_Northwind", "Mvc5_Northwind\Mvc5_Northwind.csproj", "{F2F1CCCD-CEDE-4BA6-9091-17E9ACB6786A}"
EndProject
Global
	GlobalSection(SolutionConfigurationPlatforms) = preSolution
		Debug|Any CPU = Debug|Any CPU
		Release|Any CPU = Release|Any CPU
	EndGlobalSection
	GlobalSection(ProjectConfigurationPlatforms) = postSolution
		{F2F1CCCD-CEDE-4BA6-9091-17E9ACB6786A}.Debug|Any CPU.ActiveCfg = Debug|Any CPU
		{F2F1CCCD-CEDE-4BA6-9091-17E9ACB6786A}.Debug|Any CPU.Build.0 = Debug|Any CPU
		{F2F1CCCD-CEDE-4BA6-9091-17E9ACB6786A}.Release|Any CPU.ActiveCfg = Release|Any CPU
		{F2F1CCCD-CEDE-4BA6-9091-17E9ACB6786A}.Release|Any CPU.Build.0 = Release|Any CPU
	EndGlobalSection
	GlobalSection(SolutionProperties) = preSolution
		HideSolutionNode = FALSE
	EndGlobalSection
	GlobalSection(ExtensibilityGlobals) = postSolution
		SolutionGuid = {DC4FB1BA-7862-4220-80D0-CEB5BEED2245}
	EndGlobalSection
EndGlobal
